
Microsoft Visual Studio Solution File, Format Version 12.00
# Visual Studio 15
Project("{FAE04EC0-301F-11D3-BF4B-00C04F79EFBC}") = "Assembly-CSharp", "Assembly-CSharp.csproj", "{DE19BCD2-F29A-F747-9878-1BEED7C95B9E}"
EndProject
Project("{FAE04EC0-301F-11D3-BF4B-00C04F79EFBC}") = "Assembly-CSharp-Editor", "Assembly-CSharp-Editor.csproj", "{07F5052E-3FA8-6DF8-1335-D088B7DA157A}"
EndProject
Global
	GlobalSection(SolutionConfigurationPlatforms) = preSolution
		Debug|Any CPU = Debug|Any CPU
		Release|Any CPU = Release|Any CPU
	EndGlobalSection
	GlobalSection(ProjectConfigurationPlatforms) = postSolution
		{DE19BCD2-F29A-F747-9878-1BEED7C95B9E}.Debug|Any CPU.ActiveCfg = Debug|Any CPU
		{DE19BCD2-F29A-F747-9878-1BEED7C95B9E}.Debug|Any CPU.Build.0 = Debug|Any CPU
		{DE19BCD2-F29A-F747-9878-1BEED7C95B9E}.Release|Any CPU.ActiveCfg = Release|Any CPU
		{DE19BCD2-F29A-F747-9878-1BEED7C95B9E}.Release|Any CPU.Build.0 = Release|Any CPU
		{07F5052E-3FA8-6DF8-1335-D088B7DA157A}.Debug|Any CPU.ActiveCfg = Debug|Any CPU
		{07F5052E-3FA8-6DF8-1335-D088B7DA157A}.Debug|Any CPU.Build.0 = Debug|Any CPU
		{07F5052E-3FA8-6DF8-1335-D088B7DA157A}.Release|Any CPU.ActiveCfg = Release|Any CPU
		{07F5052E-3FA8-6DF8-1335-D088B7DA157A}.Release|Any CPU.Build.0 = Release|Any CPU
	EndGlobalSection
	GlobalSection(SolutionProperties) = preSolution
		HideSolutionNode = FALSE
	EndGlobalSection
EndGlobal
